
Microsoft Visual Studio Solution File, Format Version 12.00
# Visual Studio Version 16
VisualStudioVersion = 16.0.29324.140
MinimumVisualStudioVersion = 10.0.40219.1
Project("{9A19103F-16F7-4668-BE54-9A1E7A4F7556}") = "YandexDiskPublicAPIStandard", "YandexDiskPublicAPIStandard\YandexDiskPublicAPIStandard.csproj", "{4C50EDAB-A10B-43AE-9820-7164592DFB4A}"
EndProject
Project("{2150E333-8FDC-42A3-9474-1A3956D46DE8}") = "ZMisc", "ZMisc", "{CCAD9392-954A-4148-84B1-53BE3689942D}"
EndProject
Project("{2150E333-8FDC-42A3-9474-1A3956D46DE8}") = "AProject", "AProject", "{BBC936D6-71B5-4466-BAE6-F2964CFCC229}"
EndProject
Project("{9A19103F-16F7-4668-BE54-9A1E7A4F7556}") = "UtilitiesStandard", "..\GeneralPurposeLibs\Utilities\UtilitiesStandard\UtilitiesStandard.csproj", "{57F4BD6F-BFA9-4285-AD3D-3460DFD694EE}"
EndProject
Project("{2150E333-8FDC-42A3-9474-1A3956D46DE8}") = "Tests", "Tests", "{DA726BCC-0C58-40A6-9541-2668C2E5E666}"
EndProject
Project("{9A19103F-16F7-4668-BE54-9A1E7A4F7556}") = "APITests", "APITests\APITests.csproj", "{1E1CFCB4-2053-45B7-9BFD-C3BDDDF48926}"
EndProject
Global
	GlobalSection(SolutionConfigurationPlatforms) = preSolution
		Debug|Any CPU = Debug|Any CPU
		Release|Any CPU = Release|Any CPU
	EndGlobalSection
	GlobalSection(ProjectConfigurationPlatforms) = postSolution
		{4C50EDAB-A10B-43AE-9820-7164592DFB4A}.Debug|Any CPU.ActiveCfg = Debug|Any CPU
		{4C50EDAB-A10B-43AE-9820-7164592DFB4A}.Debug|Any CPU.Build.0 = Debug|Any CPU
		{4C50EDAB-A10B-43AE-9820-7164592DFB4A}.Release|Any CPU.ActiveCfg = Release|Any CPU
		{4C50EDAB-A10B-43AE-9820-7164592DFB4A}.Release|Any CPU.Build.0 = Release|Any CPU
		{57F4BD6F-BFA9-4285-AD3D-3460DFD694EE}.Debug|Any CPU.ActiveCfg = Debug|Any CPU
		{57F4BD6F-BFA9-4285-AD3D-3460DFD694EE}.Debug|Any CPU.Build.0 = Debug|Any CPU
		{57F4BD6F-BFA9-4285-AD3D-3460DFD694EE}.Release|Any CPU.ActiveCfg = Release|Any CPU
		{57F4BD6F-BFA9-4285-AD3D-3460DFD694EE}.Release|Any CPU.Build.0 = Release|Any CPU
		{1E1CFCB4-2053-45B7-9BFD-C3BDDDF48926}.Debug|Any CPU.ActiveCfg = Debug|Any CPU
		{1E1CFCB4-2053-45B7-9BFD-C3BDDDF48926}.Debug|Any CPU.Build.0 = Debug|Any CPU
		{1E1CFCB4-2053-45B7-9BFD-C3BDDDF48926}.Release|Any CPU.ActiveCfg = Release|Any CPU
		{1E1CFCB4-2053-45B7-9BFD-C3BDDDF48926}.Release|Any CPU.Build.0 = Release|Any CPU
	EndGlobalSection
	GlobalSection(SolutionProperties) = preSolution
		HideSolutionNode = FALSE
	EndGlobalSection
	GlobalSection(NestedProjects) = preSolution
		{4C50EDAB-A10B-43AE-9820-7164592DFB4A} = {BBC936D6-71B5-4466-BAE6-F2964CFCC229}
		{57F4BD6F-BFA9-4285-AD3D-3460DFD694EE} = {CCAD9392-954A-4148-84B1-53BE3689942D}
		{DA726BCC-0C58-40A6-9541-2668C2E5E666} = {BBC936D6-71B5-4466-BAE6-F2964CFCC229}
		{1E1CFCB4-2053-45B7-9BFD-C3BDDDF48926} = {DA726BCC-0C58-40A6-9541-2668C2E5E666}
	EndGlobalSection
	GlobalSection(ExtensibilityGlobals) = postSolution
		SolutionGuid = {CE6049E1-B31E-440D-8085-4005410F0330}
	EndGlobalSection
EndGlobal
